
Microsoft Visual Studio Solution File, Format Version 12.00
# Visual Studio Version 16
VisualStudioVersion = 16.0.30330.147
MinimumVisualStudioVersion = 10.0.40219.1
Project("{FAE04EC0-301F-11D3-BF4B-00C04F79EFBC}") = "CIS", "Tool\CIS.csproj", "{165E7B9D-6F77-4ABD-9316-C5EAD4D14530}"
EndProject
Project("{FAE04EC0-301F-11D3-BF4B-00C04F79EFBC}") = "Datagripview", "Datagripview\Datagripview.csproj", "{0A500D01-4AC7-45F1-8B3C-981DB0BCB876}"
EndProject
Global
	GlobalSection(SolutionConfigurationPlatforms) = preSolution
		Debug|Any CPU = Debug|Any CPU
		Release|Any CPU = Release|Any CPU
	EndGlobalSection
	GlobalSection(ProjectConfigurationPlatforms) = postSolution
		{165E7B9D-6F77-4ABD-9316-C5EAD4D14530}.Debug|Any CPU.ActiveCfg = Debug|Any CPU
		{165E7B9D-6F77-4ABD-9316-C5EAD4D14530}.Debug|Any CPU.Build.0 = Debug|Any CPU
		{165E7B9D-6F77-4ABD-9316-C5EAD4D14530}.Release|Any CPU.ActiveCfg = Release|Any CPU
		{165E7B9D-6F77-4ABD-9316-C5EAD4D14530}.Release|Any CPU.Build.0 = Release|Any CPU
		{0A500D01-4AC7-45F1-8B3C-981DB0BCB876}.Debug|Any CPU.ActiveCfg = Debug|Any CPU
		{0A500D01-4AC7-45F1-8B3C-981DB0BCB876}.Debug|Any CPU.Build.0 = Debug|Any CPU
		{0A500D01-4AC7-45F1-8B3C-981DB0BCB876}.Release|Any CPU.ActiveCfg = Release|Any CPU
		{0A500D01-4AC7-45F1-8B3C-981DB0BCB876}.Release|Any CPU.Build.0 = Release|Any CPU
	EndGlobalSection
	GlobalSection(SolutionProperties) = preSolution
		HideSolutionNode = FALSE
	EndGlobalSection
	GlobalSection(ExtensibilityGlobals) = postSolution
		SolutionGuid = {29117851-8240-4409-B40E-69505C0597A4}
	EndGlobalSection
EndGlobal
